# This file is automatically @generated by Wally.
# It is not intended for manual editing.
registry = "test"

[[package]]
name = "csqrl/sift"
version = "0.0.9"
dependencies = []

[[package]]
name = "egomoose/rich-text-helper"
version = "0.1.0"
dependencies = [["Sift", "csqrl/sift@0.0.9"], ["TestEZ", "roblox/testez@0.4.1"]]

[[package]]
name = "roblox/testez"
version = "0.4.1"
dependencies = []
